schema: '2.0'
stages:
  data_ingestion:
    cmd: python -m src.Movie_Recommendation.pipeline.stage_01_data_ingestion
    deps:
    - path: src/Movie_Recommendation/pipeline/stage_01_data_ingestion.py
      hash: md5
      md5: af493d95fb2ef41497c62cadbebd2a0f
      size: 867
    outs:
    - path: artifacts/data_ingestion
      hash: md5
      md5: 4e02cf2ca6942d48213a85a21d26f2a2.dir
      size: 1074290862
      nfiles: 8
  data_validation:
    cmd: python -m src.Movie_Recommendation.pipeline.stage_02_data_validation
    deps:
    - path: artifacts/data_ingestion
      hash: md5
      md5: 4e02cf2ca6942d48213a85a21d26f2a2.dir
      size: 1074290862
      nfiles: 8
    - path: src/Movie_Recommendation/pipeline/stage_02_data_validation.py
      hash: md5
      md5: 2c73147db142d9baa1eaf394d6ee84a1
      size: 830
    outs:
    - path: artifacts/data_validation
      hash: md5
      md5: 543f4af52a6049691796c40b5114a804.dir
      size: 21
      nfiles: 1
  data_transformation:
    cmd: python -m 
      src.Movie_Recommendation.pipeline.stage_03_data_transformation
    deps:
    - path: artifacts/data_ingestion
      hash: md5
      md5: 4e02cf2ca6942d48213a85a21d26f2a2.dir
      size: 1074290862
      nfiles: 8
    - path: src/Movie_Recommendation/pipeline/stage_03_data_transformation.py
      hash: md5
      md5: 56d3d87a7c2e7256829ebc81192afa02
      size: 875
    outs:
    - path: artifacts/data_transformation
      hash: md5
      md5: f80287216f66bdae8aca08aab7a5ec93.dir
      size: 2004533896
      nfiles: 3
  feature_engineering:
    cmd: python -m 
      src.Movie_Recommendation.pipeline.stage_04_feature_engineering
    deps:
    - path: artifacts/data_transformation
      hash: md5
      md5: f80287216f66bdae8aca08aab7a5ec93.dir
      size: 2004533896
      nfiles: 3
    - path: src/Movie_Recommendation/pipeline/stage_04_feature_engineering.py
      hash: md5
      md5: 022f3f1518b86ba0debfb5b00a7c4446
      size: 1094
    outs:
    - path: artifacts/Feature_engineering
      hash: md5
      md5: b7e8b330a590e36de073cb9097c7cd3e.dir
      size: 1979798231
      nfiles: 9
  model_trainer:
    cmd: python -m src.Movie_Recommendation.pipeline.stage_05_model_trainer
    deps:
    - path: artifacts/Feature_engineering
      hash: md5
      md5: b7e8b330a590e36de073cb9097c7cd3e.dir
      size: 1979798231
      nfiles: 9
    - path: src/Movie_Recommendation/pipeline/stage_05_model_trainer.py
      hash: md5
      md5: 41767c0bdda951a212ccd8aaf2d2e5cd
      size: 827
    params:
      params.yaml:
        TrainingArguments.lr_all: 0.02
        TrainingArguments.n_factors: 10
        TrainingArguments.verbose: true
    outs:
    - path: artifacts/model_trainer
      hash: md5
      md5: b0a0e6ace2a766d3ff2c84b3ca542d7f.dir
      size: 2274803
      nfiles: 2
  model_evaluation:
    cmd: python -m src.Movie_Recommendation.pipeline.stage_06_model_evaluation
    deps:
    - path: artifacts/data_transformation
      hash: md5
      md5: f80287216f66bdae8aca08aab7a5ec93.dir
      size: 2004533896
      nfiles: 3
    - path: artifacts/model_trainer
      hash: md5
      md5: b0a0e6ace2a766d3ff2c84b3ca542d7f.dir
      size: 2274803
      nfiles: 2
    - path: src/Movie_Recommendation/pipeline/stage_06_model_evaluation.py
      hash: md5
      md5: 87535834f6cd183ad7f170797be414a3
      size: 858
    outs:
    - path: artifacts/model_evaluation/metrics.json
      hash: md5
      md5: 851298f1816365e091cd76797ea46f40
      size: 68
